
Microsoft Visual Studio Solution File, Format Version 12.00
# Visual Studio Version 16
VisualStudioVersion = 16.0.31729.503
MinimumVisualStudioVersion = 10.0.40219.1
Project("{FAE04EC0-301F-11D3-BF4B-00C04F79EFBC}") = "User Registration", "User Registration\User Registration.csproj", "{1B1E9500-5F12-47E4-B967-C2C21D766326}"
EndProject
Global
	GlobalSection(SolutionConfigurationPlatforms) = preSolution
		Debug|Any CPU = Debug|Any CPU
		Release|Any CPU = Release|Any CPU
	EndGlobalSection
	GlobalSection(ProjectConfigurationPlatforms) = postSolution
		{1B1E9500-5F12-47E4-B967-C2C21D766326}.Debug|Any CPU.ActiveCfg = Debug|Any CPU
		{1B1E9500-5F12-47E4-B967-C2C21D766326}.Debug|Any CPU.Build.0 = Debug|Any CPU
		{1B1E9500-5F12-47E4-B967-C2C21D766326}.Release|Any CPU.ActiveCfg = Release|Any CPU
		{1B1E9500-5F12-47E4-B967-C2C21D766326}.Release|Any CPU.Build.0 = Release|Any CPU
	EndGlobalSection
	GlobalSection(SolutionProperties) = preSolution
		HideSolutionNode = FALSE
	EndGlobalSection
	GlobalSection(ExtensibilityGlobals) = postSolution
		SolutionGuid = {6D1EDB94-0806-4CF2-AAC6-BD2F235052DF}
	EndGlobalSection
EndGlobal
